
Microsoft Visual Studio Solution File, Format Version 12.00
# Visual Studio Version 16
VisualStudioVersion = 16.0.29102.190
MinimumVisualStudioVersion = 10.0.40219.1
Project("{9A19103F-16F7-4668-BE54-9A1E7A4F7556}") = "SGMessageBot", "SGMessageBot.csproj", "{4271ABE7-9A79-442D-9880-926D9FB5B2C3}"
EndProject
Global
	GlobalSection(SolutionConfigurationPlatforms) = preSolution
		Debug|x64 = Debug|x64
		Release|x64 = Release|x64
	EndGlobalSection
	GlobalSection(ProjectConfigurationPlatforms) = postSolution
		{4271ABE7-9A79-442D-9880-926D9FB5B2C3}.Debug|x64.ActiveCfg = Debug|x64
		{4271ABE7-9A79-442D-9880-926D9FB5B2C3}.Debug|x64.Build.0 = Debug|x64
		{4271ABE7-9A79-442D-9880-926D9FB5B2C3}.Release|x64.ActiveCfg = Release|x64
		{4271ABE7-9A79-442D-9880-926D9FB5B2C3}.Release|x64.Build.0 = Release|x64
	EndGlobalSection
	GlobalSection(SolutionProperties) = preSolution
		HideSolutionNode = FALSE
	EndGlobalSection
	GlobalSection(ExtensibilityGlobals) = postSolution
		SolutionGuid = {BB480552-0034-4287-A6A0-822CEAD0BA74}
	EndGlobalSection
EndGlobal
